
Microsoft Visual Studio Solution File, Format Version 12.00
# Visual Studio Version 17
VisualStudioVersion = 17.1.32210.238
MinimumVisualStudioVersion = 10.0.40219.1
Project("{9A19103F-16F7-4668-BE54-9A1E7A4F7556}") = "QuizApi", "QuizApi\QuizApi.csproj", "{E627FB10-BFD6-4F02-B40E-9504D71C1BC3}"
EndProject
Project("{FAE04EC0-301F-11D3-BF4B-00C04F79EFBC}") = "QuizApi.Tests", "QuizApi.Tests\QuizApi.Tests.csproj", "{ADFC509F-4108-4774-B480-6FA404163DCB}"
EndProject
Global
	GlobalSection(SolutionConfigurationPlatforms) = preSolution
		Debug|Any CPU = Debug|Any CPU
		Release|Any CPU = Release|Any CPU
	EndGlobalSection
	GlobalSection(ProjectConfigurationPlatforms) = postSolution
		{E627FB10-BFD6-4F02-B40E-9504D71C1BC3}.Debug|Any CPU.ActiveCfg = Debug|Any CPU
		{E627FB10-BFD6-4F02-B40E-9504D71C1BC3}.Debug|Any CPU.Build.0 = Debug|Any CPU
		{E627FB10-BFD6-4F02-B40E-9504D71C1BC3}.Release|Any CPU.ActiveCfg = Release|Any CPU
		{E627FB10-BFD6-4F02-B40E-9504D71C1BC3}.Release|Any CPU.Build.0 = Release|Any CPU
		{ADFC509F-4108-4774-B480-6FA404163DCB}.Debug|Any CPU.ActiveCfg = Debug|Any CPU
		{ADFC509F-4108-4774-B480-6FA404163DCB}.Debug|Any CPU.Build.0 = Debug|Any CPU
		{ADFC509F-4108-4774-B480-6FA404163DCB}.Release|Any CPU.ActiveCfg = Release|Any CPU
		{ADFC509F-4108-4774-B480-6FA404163DCB}.Release|Any CPU.Build.0 = Release|Any CPU
	EndGlobalSection
	GlobalSection(SolutionProperties) = preSolution
		HideSolutionNode = FALSE
	EndGlobalSection
	GlobalSection(ExtensibilityGlobals) = postSolution
		SolutionGuid = {F8BAD4FE-71F8-49C6-87EC-6CAC38443522}
	EndGlobalSection
EndGlobal
